services:
    akeneo.enrichment.lock.store:
        class: Symfony\Component\Lock\Store\PdoStore
        arguments:
            - '%env(APP_DATABASE_URL)%'

    akeneo.enrichment.lock.factory:
        class: Symfony\Component\Lock\LockFactory
        arguments:
            - '@akeneo.enrichment.lock.store'
